{
  "requires": true,
  "lockfileVersion": 1,
  "dependencies": {
    "animate.css": {
      "version": "3.5.2",
      "resolved": "https://registry.npmjs.org/animate.css/-/animate.css-3.5.2.tgz",
      "integrity": "sha1-keZo3AaagI5eSZUUhnuXquAWbDY="
    },
    "velocity-animate": {
      "version": "1.5.1",
      "resolved": "https://registry.npmjs.org/velocity-animate/-/velocity-animate-1.5.1.tgz",
      "integrity": "sha512-VJ3csMz5zP1ifkbBlsNYpxnoWkPHfVRQ8tUongS78W5DxSGHB68pjYHDTgUYBkVM7P/HpYdVukgVUFcxjr1gGg=="
    }
  }
}
